
Microsoft Visual Studio Solution File, Format Version 12.00
# Visual Studio 15
VisualStudioVersion = 15.0.27703.2035
MinimumVisualStudioVersion = 10.0.40219.1
Project("{FAE04EC0-301F-11D3-BF4B-00C04F79EFBC}") = "VotingData", "VotingData\VotingData.csproj", "{57C86793-F377-424F-B720-81FFE1FC6A73}"
EndProject
Global
	GlobalSection(SolutionConfigurationPlatforms) = preSolution
		Debug|Any CPU = Debug|Any CPU
		Release|Any CPU = Release|Any CPU
	EndGlobalSection
	GlobalSection(ProjectConfigurationPlatforms) = postSolution
		{57C86793-F377-424F-B720-81FFE1FC6A73}.Debug|Any CPU.ActiveCfg = Debug|Any CPU
		{57C86793-F377-424F-B720-81FFE1FC6A73}.Debug|Any CPU.Build.0 = Debug|Any CPU
		{57C86793-F377-424F-B720-81FFE1FC6A73}.Release|Any CPU.ActiveCfg = Release|Any CPU
		{57C86793-F377-424F-B720-81FFE1FC6A73}.Release|Any CPU.Build.0 = Release|Any CPU
	EndGlobalSection
	GlobalSection(SolutionProperties) = preSolution
		HideSolutionNode = FALSE
	EndGlobalSection
	GlobalSection(ExtensibilityGlobals) = postSolution
		SolutionGuid = {30E49BD9-1B0B-4658-A019-0FDCD0AC17A8}
	EndGlobalSection
EndGlobal
